
Microsoft Visual Studio Solution File, Format Version 12.00
# Visual Studio Version 17
VisualStudioVersion = 17.9.34701.34
MinimumVisualStudioVersion = 10.0.40219.1
Project("{FAE04EC0-301F-11D3-BF4B-00C04F79EFBC}") = "RecipeBookAPI", "RecipeBookAPI\RecipeBookAPI.csproj", "{27CF96B2-1B03-4174-999C-6805EBDFACA3}"
EndProject
Global
	GlobalSection(SolutionConfigurationPlatforms) = preSolution
		Debug|Any CPU = Debug|Any CPU
		Release|Any CPU = Release|Any CPU
	EndGlobalSection
	GlobalSection(ProjectConfigurationPlatforms) = postSolution
		{27CF96B2-1B03-4174-999C-6805EBDFACA3}.Debug|Any CPU.ActiveCfg = Debug|Any CPU
		{27CF96B2-1B03-4174-999C-6805EBDFACA3}.Debug|Any CPU.Build.0 = Debug|Any CPU
		{27CF96B2-1B03-4174-999C-6805EBDFACA3}.Release|Any CPU.ActiveCfg = Release|Any CPU
		{27CF96B2-1B03-4174-999C-6805EBDFACA3}.Release|Any CPU.Build.0 = Release|Any CPU
	EndGlobalSection
	GlobalSection(SolutionProperties) = preSolution
		HideSolutionNode = FALSE
	EndGlobalSection
	GlobalSection(ExtensibilityGlobals) = postSolution
		SolutionGuid = {7686C2F4-69DB-43A2-841B-BBF4980143D9}
	EndGlobalSection
EndGlobal
